
Microsoft Visual Studio Solution File, Format Version 12.00
# Visual Studio Version 16
VisualStudioVersion = 16.0.31729.503
MinimumVisualStudioVersion = 10.0.40219.1
Project("{2150E333-8FDC-42A3-9474-1A3956D46DE8}") = "ShopManagement", "ShopManagement", "{FA737DA4-C089-4236-8CBF-D1F846034F2D}"
EndProject
Project("{2150E333-8FDC-42A3-9474-1A3956D46DE8}") = "SM.Domain", "SM.Domain", "{37014D7C-B19E-43F2-A8A7-AFD4674B2D2B}"
EndProject
Project("{FAE04EC0-301F-11D3-BF4B-00C04F79EFBC}") = "ShopManagement.Domain", "ShopManagement.Domain\ShopManagement.Domain.csproj", "{ABEAE2C9-A690-4C12-9C2E-C33A2DA85A2B}"
EndProject
Project("{FAE04EC0-301F-11D3-BF4B-00C04F79EFBC}") = "0_Framework", "0_Farmework\0_Framework.csproj", "{F970B172-B72F-4AE7-8269-95E2D91941E8}"
EndProject
Project("{2150E333-8FDC-42A3-9474-1A3956D46DE8}") = "SM.Application", "SM.Application", "{76137700-2C41-4276-BCDB-EC3CFB93F85E}"
EndProject
Project("{FAE04EC0-301F-11D3-BF4B-00C04F79EFBC}") = "ShopManagement.Application.Contarcts", "ShopManagement.Application.Contarcts\ShopManagement.Application.Contarcts.csproj", "{B4F1F525-41AC-4303-A328-09AB472BBA30}"
EndProject
Global
	GlobalSection(SolutionConfigurationPlatforms) = preSolution
		Debug|Any CPU = Debug|Any CPU
		Release|Any CPU = Release|Any CPU
	EndGlobalSection
	GlobalSection(ProjectConfigurationPlatforms) = postSolution
		{ABEAE2C9-A690-4C12-9C2E-C33A2DA85A2B}.Debug|Any CPU.ActiveCfg = Debug|Any CPU
		{ABEAE2C9-A690-4C12-9C2E-C33A2DA85A2B}.Debug|Any CPU.Build.0 = Debug|Any CPU
		{ABEAE2C9-A690-4C12-9C2E-C33A2DA85A2B}.Release|Any CPU.ActiveCfg = Release|Any CPU
		{ABEAE2C9-A690-4C12-9C2E-C33A2DA85A2B}.Release|Any CPU.Build.0 = Release|Any CPU
		{F970B172-B72F-4AE7-8269-95E2D91941E8}.Debug|Any CPU.ActiveCfg = Debug|Any CPU
		{F970B172-B72F-4AE7-8269-95E2D91941E8}.Debug|Any CPU.Build.0 = Debug|Any CPU
		{F970B172-B72F-4AE7-8269-95E2D91941E8}.Release|Any CPU.ActiveCfg = Release|Any CPU
		{F970B172-B72F-4AE7-8269-95E2D91941E8}.Release|Any CPU.Build.0 = Release|Any CPU
		{B4F1F525-41AC-4303-A328-09AB472BBA30}.Debug|Any CPU.ActiveCfg = Debug|Any CPU
		{B4F1F525-41AC-4303-A328-09AB472BBA30}.Debug|Any CPU.Build.0 = Debug|Any CPU
		{B4F1F525-41AC-4303-A328-09AB472BBA30}.Release|Any CPU.ActiveCfg = Release|Any CPU
		{B4F1F525-41AC-4303-A328-09AB472BBA30}.Release|Any CPU.Build.0 = Release|Any CPU
	EndGlobalSection
	GlobalSection(SolutionProperties) = preSolution
		HideSolutionNode = FALSE
	EndGlobalSection
	GlobalSection(NestedProjects) = preSolution
		{37014D7C-B19E-43F2-A8A7-AFD4674B2D2B} = {FA737DA4-C089-4236-8CBF-D1F846034F2D}
		{ABEAE2C9-A690-4C12-9C2E-C33A2DA85A2B} = {37014D7C-B19E-43F2-A8A7-AFD4674B2D2B}
		{76137700-2C41-4276-BCDB-EC3CFB93F85E} = {FA737DA4-C089-4236-8CBF-D1F846034F2D}
		{B4F1F525-41AC-4303-A328-09AB472BBA30} = {76137700-2C41-4276-BCDB-EC3CFB93F85E}
	EndGlobalSection
	GlobalSection(ExtensibilityGlobals) = postSolution
		SolutionGuid = {0FC52745-EE8C-46A9-A92F-66DBFDBA4D46}
	EndGlobalSection
EndGlobal
